
Microsoft Visual Studio Solution File, Format Version 12.00
# Visual Studio Version 17
VisualStudioVersion = 17.10.35013.160
MinimumVisualStudioVersion = 10.0.40219.1
Project("{2150E333-8FDC-42A3-9474-1A3956D46DE8}") = "src", "src", "{5F81562E-EED8-4133-9404-CA9E0D218306}"
EndProject
Project("{2150E333-8FDC-42A3-9474-1A3956D46DE8}") = "common", "common", "{DD06F68C-CB2C-4C33-9D51-5A54343FC709}"
EndProject
Project("{2150E333-8FDC-42A3-9474-1A3956D46DE8}") = "core", "core", "{2A0E2A88-BD35-4933-AE28-DEE19B9FF09A}"
EndProject
Project("{2150E333-8FDC-42A3-9474-1A3956D46DE8}") = "infrastructure", "infrastructure", "{45D99FB9-83FB-495D-A521-1B2C3FFD76B1}"
EndProject
Project("{2150E333-8FDC-42A3-9474-1A3956D46DE8}") = "presentation", "presentation", "{33158FAC-8BAD-405C-BE82-7A72F161ED49}"
EndProject
Project("{2150E333-8FDC-42A3-9474-1A3956D46DE8}") = "service", "service", "{34D0BF93-E7FF-430B-9C83-6FD28166ECFE}"
EndProject
Project("{9A19103F-16F7-4668-BE54-9A1E7A4F7556}") = "EventCase.Common", "src\common\EventCase.Common\EventCase.Common.csproj", "{73AF4069-9E98-4DE0-B3A6-8522DE737356}"
EndProject
Project("{2150E333-8FDC-42A3-9474-1A3956D46DE8}") = "application", "application", "{D6B6BEE7-30CB-44E1-9B07-83E00F5C5C04}"
EndProject
Project("{2150E333-8FDC-42A3-9474-1A3956D46DE8}") = "domain", "domain", "{EA00C56B-C2A6-44B9-B4BA-28A2479B6C12}"
EndProject
Project("{9A19103F-16F7-4668-BE54-9A1E7A4F7556}") = "EventCase.Application", "src\core\application\EventCase.Application\EventCase.Application.csproj", "{8A42994D-D68E-4E61-8060-09DB2732B30A}"
EndProject
Project("{9A19103F-16F7-4668-BE54-9A1E7A4F7556}") = "EventCase.Application.Contract", "src\core\application\EventCase.Application.Contract\EventCase.Application.Contract.csproj", "{7B922D29-DFB1-4CEE-AFE9-A53D464094E5}"
EndProject
Project("{9A19103F-16F7-4668-BE54-9A1E7A4F7556}") = "EventCase.EntityFrameworkCore", "src\core\domain\EventCase.EntityFrameworkCore\EventCase.EntityFrameworkCore.csproj", "{0DAF67F5-B9D3-4620-A6C7-2AC5EA751C26}"
EndProject
Project("{9A19103F-16F7-4668-BE54-9A1E7A4F7556}") = "EventCase.Domain", "src\core\domain\EventCase.Domain\EventCase.Domain.csproj", "{8D4C709E-D97D-49F4-83CF-F6CB16B03CB3}"
EndProject
Project("{9A19103F-16F7-4668-BE54-9A1E7A4F7556}") = "EventCase.Auth", "src\infrastructure\EventCase.Auth\EventCase.Auth.csproj", "{6D8DCC2F-2BDF-496F-81DE-436D1F3D0F44}"
EndProject
Project("{9A19103F-16F7-4668-BE54-9A1E7A4F7556}") = "EventCase.Api", "src\service\EventCase.Api\EventCase.Api.csproj", "{3791B50A-603B-4C94-9F71-52F29EF81BB0}"
EndProject
Project("{9A19103F-16F7-4668-BE54-9A1E7A4F7556}") = "EventCase.Blazor.Web", "src\presentation\EventCase.Blazor.Web\EventCase.Blazor.Web.csproj", "{295DEEAB-E15C-4AD6-9956-672CABD6AC48}"
EndProject
Global
	GlobalSection(SolutionConfigurationPlatforms) = preSolution
		Debug|Any CPU = Debug|Any CPU
		Release|Any CPU = Release|Any CPU
	EndGlobalSection
	GlobalSection(ProjectConfigurationPlatforms) = postSolution
		{73AF4069-9E98-4DE0-B3A6-8522DE737356}.Debug|Any CPU.ActiveCfg = Debug|Any CPU
		{73AF4069-9E98-4DE0-B3A6-8522DE737356}.Debug|Any CPU.Build.0 = Debug|Any CPU
		{73AF4069-9E98-4DE0-B3A6-8522DE737356}.Release|Any CPU.ActiveCfg = Release|Any CPU
		{73AF4069-9E98-4DE0-B3A6-8522DE737356}.Release|Any CPU.Build.0 = Release|Any CPU
		{8A42994D-D68E-4E61-8060-09DB2732B30A}.Debug|Any CPU.ActiveCfg = Debug|Any CPU
		{8A42994D-D68E-4E61-8060-09DB2732B30A}.Debug|Any CPU.Build.0 = Debug|Any CPU
		{8A42994D-D68E-4E61-8060-09DB2732B30A}.Release|Any CPU.ActiveCfg = Release|Any CPU
		{8A42994D-D68E-4E61-8060-09DB2732B30A}.Release|Any CPU.Build.0 = Release|Any CPU
		{7B922D29-DFB1-4CEE-AFE9-A53D464094E5}.Debug|Any CPU.ActiveCfg = Debug|Any CPU
		{7B922D29-DFB1-4CEE-AFE9-A53D464094E5}.Debug|Any CPU.Build.0 = Debug|Any CPU
		{7B922D29-DFB1-4CEE-AFE9-A53D464094E5}.Release|Any CPU.ActiveCfg = Release|Any CPU
		{7B922D29-DFB1-4CEE-AFE9-A53D464094E5}.Release|Any CPU.Build.0 = Release|Any CPU
		{0DAF67F5-B9D3-4620-A6C7-2AC5EA751C26}.Debug|Any CPU.ActiveCfg = Debug|Any CPU
		{0DAF67F5-B9D3-4620-A6C7-2AC5EA751C26}.Debug|Any CPU.Build.0 = Debug|Any CPU
		{0DAF67F5-B9D3-4620-A6C7-2AC5EA751C26}.Release|Any CPU.ActiveCfg = Release|Any CPU
		{0DAF67F5-B9D3-4620-A6C7-2AC5EA751C26}.Release|Any CPU.Build.0 = Release|Any CPU
		{8D4C709E-D97D-49F4-83CF-F6CB16B03CB3}.Debug|Any CPU.ActiveCfg = Debug|Any CPU
		{8D4C709E-D97D-49F4-83CF-F6CB16B03CB3}.Debug|Any CPU.Build.0 = Debug|Any CPU
		{8D4C709E-D97D-49F4-83CF-F6CB16B03CB3}.Release|Any CPU.ActiveCfg = Release|Any CPU
		{8D4C709E-D97D-49F4-83CF-F6CB16B03CB3}.Release|Any CPU.Build.0 = Release|Any CPU
		{6D8DCC2F-2BDF-496F-81DE-436D1F3D0F44}.Debug|Any CPU.ActiveCfg = Debug|Any CPU
		{6D8DCC2F-2BDF-496F-81DE-436D1F3D0F44}.Debug|Any CPU.Build.0 = Debug|Any CPU
		{6D8DCC2F-2BDF-496F-81DE-436D1F3D0F44}.Release|Any CPU.ActiveCfg = Release|Any CPU
		{6D8DCC2F-2BDF-496F-81DE-436D1F3D0F44}.Release|Any CPU.Build.0 = Release|Any CPU
		{3791B50A-603B-4C94-9F71-52F29EF81BB0}.Debug|Any CPU.ActiveCfg = Debug|Any CPU
		{3791B50A-603B-4C94-9F71-52F29EF81BB0}.Debug|Any CPU.Build.0 = Debug|Any CPU
		{3791B50A-603B-4C94-9F71-52F29EF81BB0}.Release|Any CPU.ActiveCfg = Release|Any CPU
		{3791B50A-603B-4C94-9F71-52F29EF81BB0}.Release|Any CPU.Build.0 = Release|Any CPU
		{295DEEAB-E15C-4AD6-9956-672CABD6AC48}.Debug|Any CPU.ActiveCfg = Debug|Any CPU
		{295DEEAB-E15C-4AD6-9956-672CABD6AC48}.Debug|Any CPU.Build.0 = Debug|Any CPU
		{295DEEAB-E15C-4AD6-9956-672CABD6AC48}.Release|Any CPU.ActiveCfg = Release|Any CPU
		{295DEEAB-E15C-4AD6-9956-672CABD6AC48}.Release|Any CPU.Build.0 = Release|Any CPU
	EndGlobalSection
	GlobalSection(SolutionProperties) = preSolution
		HideSolutionNode = FALSE
	EndGlobalSection
	GlobalSection(NestedProjects) = preSolution
		{DD06F68C-CB2C-4C33-9D51-5A54343FC709} = {5F81562E-EED8-4133-9404-CA9E0D218306}
		{2A0E2A88-BD35-4933-AE28-DEE19B9FF09A} = {5F81562E-EED8-4133-9404-CA9E0D218306}
		{45D99FB9-83FB-495D-A521-1B2C3FFD76B1} = {5F81562E-EED8-4133-9404-CA9E0D218306}
		{33158FAC-8BAD-405C-BE82-7A72F161ED49} = {5F81562E-EED8-4133-9404-CA9E0D218306}
		{34D0BF93-E7FF-430B-9C83-6FD28166ECFE} = {5F81562E-EED8-4133-9404-CA9E0D218306}
		{73AF4069-9E98-4DE0-B3A6-8522DE737356} = {DD06F68C-CB2C-4C33-9D51-5A54343FC709}
		{D6B6BEE7-30CB-44E1-9B07-83E00F5C5C04} = {2A0E2A88-BD35-4933-AE28-DEE19B9FF09A}
		{EA00C56B-C2A6-44B9-B4BA-28A2479B6C12} = {2A0E2A88-BD35-4933-AE28-DEE19B9FF09A}
		{8A42994D-D68E-4E61-8060-09DB2732B30A} = {D6B6BEE7-30CB-44E1-9B07-83E00F5C5C04}
		{7B922D29-DFB1-4CEE-AFE9-A53D464094E5} = {D6B6BEE7-30CB-44E1-9B07-83E00F5C5C04}
		{0DAF67F5-B9D3-4620-A6C7-2AC5EA751C26} = {EA00C56B-C2A6-44B9-B4BA-28A2479B6C12}
		{8D4C709E-D97D-49F4-83CF-F6CB16B03CB3} = {EA00C56B-C2A6-44B9-B4BA-28A2479B6C12}
		{6D8DCC2F-2BDF-496F-81DE-436D1F3D0F44} = {45D99FB9-83FB-495D-A521-1B2C3FFD76B1}
		{3791B50A-603B-4C94-9F71-52F29EF81BB0} = {34D0BF93-E7FF-430B-9C83-6FD28166ECFE}
		{295DEEAB-E15C-4AD6-9956-672CABD6AC48} = {33158FAC-8BAD-405C-BE82-7A72F161ED49}
	EndGlobalSection
	GlobalSection(ExtensibilityGlobals) = postSolution
		SolutionGuid = {B2F2CE2B-D825-4B47-8758-38CB9F3AEC47}
	EndGlobalSection
EndGlobal
